// !$*UTF8*$!
{
	archiveVersion = 1;
	classes = {
	};
	objectVersion = 50;
	objects = {

/* Begin PBXBuildFile section */
		05ADAA87228E81C600CF38C2 /* AppDelegate.swift in Sources */ = {isa = PBXBuildFile; fileRef = 05ADAA86228E81C600CF38C2 /* AppDelegate.swift */; };
		05ADAA89228E81C600CF38C2 /* ViewController.swift in Sources */ = {isa = PBXBuildFile; fileRef = 05ADAA88228E81C600CF38C2 /* ViewController.swift */; };
		05ADAA8C228E81C600CF38C2 /* Main.storyboard in Resources */ = {isa = PBXBuildFile; fileRef = 05ADAA8A228E81C600CF38C2 /* Main.storyboard */; };
		05ADAA8E228E81CA00CF38C2 /* Assets.xcassets in Resources */ = {isa = PBXBuildFile; fileRef = 05ADAA8D228E81CA00CF38C2 /* Assets.xcassets */; };
		05ADAA91228E81CA00CF38C2 /* LaunchScreen.storyboard in Resources */ = {isa = PBXBuildFile; fileRef = 05ADAA8F228E81CA00CF38C2 /* LaunchScreen.storyboard */; };
		05ADAA99228E82BC00CF38C2 /* Podfile in Resources */ = {isa = PBXBuildFile; fileRef = 05ADAA98228E82BC00CF38C2 /* Podfile */; };
		05ADAA9B228E92BC00CF38C2 /* VimeoHandler.swift in Sources */ = {isa = PBXBuildFile; fileRef = 05ADAA9A228E92BC00CF38C2 /* VimeoHandler.swift */; };
		05ADAA9D228EA07D00CF38C2 /* VimeoConfig.plist in Resources */ = {isa = PBXBuildFile; fileRef = 05ADAA9C228EA07D00CF38C2 /* VimeoConfig.plist */; };
		2857EE89594AE631376ADE44 /* Pods_testapp.framework in Frameworks */ = {isa = PBXBuildFile; fileRef = 7C0636D968EF81E2BF5A96CB /* Pods_testapp.framework */; };
/* End PBXBuildFile section */

/* Begin PBXFileReference section */
		05ADAA83228E81C600CF38C2 /* testapp.app */ = {isa = PBXFileReference; explicitFileType = wrapper.application; includeInIndex = 0; path = testapp.app; sourceTree = BUILT_PRODUCTS_DIR; };
		05ADAA86228E81C600CF38C2 /* AppDelegate.swift */ = {isa = PBXFileReference; lastKnownFileType = sourcecode.swift; path = AppDelegate.swift; sourceTree = "<group>"; };
		05ADAA88228E81C600CF38C2 /* ViewController.swift */ = {isa = PBXFileReference; lastKnownFileType = sourcecode.swift; path = ViewController.swift; sourceTree = "<group>"; };
		05ADAA8B228E81C600CF38C2 /* Base */ = {isa = PBXFileReference; lastKnownFileType = file.storyboard; name = Base; path = Base.lproj/Main.storyboard; sourceTree = "<group>"; };
		05ADAA8D228E81CA00CF38C2 /* Assets.xcassets */ = {isa = PBXFileReference; lastKnownFileType = folder.assetcatalog; path = Assets.xcassets; sourceTree = "<group>"; };
		05ADAA90228E81CA00CF38C2 /* Base */ = {isa = PBXFileReference; lastKnownFileType = file.storyboard; name = Base; path = Base.lproj/LaunchScreen.storyboard; sourceTree = "<group>"; };
		05ADAA92228E81CA00CF38C2 /* Info.plist */ = {isa = PBXFileReference; lastKnownFileType = text.plist.xml; path = Info.plist; sourceTree = "<group>"; };
		05ADAA98228E82BC00CF38C2 /* Podfile */ = {isa = PBXFileReference; fileEncoding = 4; lastKnownFileType = text; path = Podfile; sourceTree = "<group>"; xcLanguageSpecificationIdentifier = xcode.lang.ruby; };
		05ADAA9A228E92BC00CF38C2 /* VimeoHandler.swift */ = {isa = PBXFileReference; lastKnownFileType = sourcecode.swift; path = VimeoHandler.swift; sourceTree = "<group>"; };
		05ADAA9C228EA07D00CF38C2 /* VimeoConfig.plist */ = {isa = PBXFileReference; lastKnownFileType = text.plist.xml; path = VimeoConfig.plist; sourceTree = "<group>"; };
		7C0636D968EF81E2BF5A96CB /* Pods_testapp.framework */ = {isa = PBXFileReference; explicitFileType = wrapper.framework; includeInIndex = 0; path = Pods_testapp.framework; sourceTree = BUILT_PRODUCTS_DIR; };
		99DCEE3134C654D734D3F465 /* Pods-testapp.release.xcconfig */ = {isa = PBXFileReference; includeInIndex = 1; lastKnownFileType = text.xcconfig; name = "Pods-testapp.release.xcconfig"; path = "Target Support Files/Pods-testapp/Pods-testapp.release.xcconfig"; sourceTree = "<group>"; };
		FD1F8292609D80D88D831256 /* Pods-testapp.debug.xcconfig */ = {isa = PBXFileReference; includeInIndex = 1; lastKnownFileType = text.xcconfig; name = "Pods-testapp.debug.xcconfig"; path = "Target Support Files/Pods-testapp/Pods-testapp.debug.xcconfig"; sourceTree = "<group>"; };
/* End PBXFileReference section */

/* Begin PBXFrameworksBuildPhase section */
		05ADAA80228E81C600CF38C2 /* Frameworks */ = {
			isa = PBXFrameworksBuildPhase;
			buildActionMask = 2147483647;
			files = (
				2857EE89594AE631376ADE44 /* Pods_testapp.framework in Frameworks */,
			);
			runOnlyForDeploymentPostprocessing = 0;
		};
/* End PBXFrameworksBuildPhase section */

/* Begin PBXGroup section */
		05ADAA7A228E81C600CF38C2 = {
			isa = PBXGroup;
			children = (
				05ADAA85228E81C600CF38C2 /* testapp */,
				05ADAA84228E81C600CF38C2 /* Products */,
				05ADAA98228E82BC00CF38C2 /* Podfile */,
				51DBC0AEBAABFD8B3DAB4FFB /* Pods */,
				AA4A60B91F240FDD2206D543 /* Frameworks */,
			);
			sourceTree = "<group>";
		};
		05ADAA84228E81C600CF38C2 /* Products */ = {
			isa = PBXGroup;
			children = (
				05ADAA83228E81C600CF38C2 /* testapp.app */,
			);
			name = Products;
			sourceTree = "<group>";
		};
		05ADAA85228E81C600CF38C2 /* testapp */ = {
			isa = PBXGroup;
			children = (
				05ADAA86228E81C600CF38C2 /* AppDelegate.swift */,
				05ADAA88228E81C600CF38C2 /* ViewController.swift */,
				05ADAA9C228EA07D00CF38C2 /* VimeoConfig.plist */,
				05ADAA9A228E92BC00CF38C2 /* VimeoHandler.swift */,
				05ADAA8A228E81C600CF38C2 /* Main.storyboard */,
				05ADAA8D228E81CA00CF38C2 /* Assets.xcassets */,
				05ADAA8F228E81CA00CF38C2 /* LaunchScreen.storyboard */,
				05ADAA92228E81CA00CF38C2 /* Info.plist */,
			);
			path = testapp;
			sourceTree = "<group>";
		};
		51DBC0AEBAABFD8B3DAB4FFB /* Pods */ = {
			isa = PBXGroup;
			children = (
				FD1F8292609D80D88D831256 /* Pods-testapp.debug.xcconfig */,
				99DCEE3134C654D734D3F465 /* Pods-testapp.release.xcconfig */,
			);
			path = Pods;
			sourceTree = "<group>";
		};
		AA4A60B91F240FDD2206D543 /* Frameworks */ = {
			isa = PBXGroup;
			children = (
				7C0636D968EF81E2BF5A96CB /* Pods_testapp.framework */,
			);
			name = Frameworks;
			sourceTree = "<group>";
		};
/* End PBXGroup section */

/* Begin PBXNativeTarget section */
		05ADAA82228E81C600CF38C2 /* testapp */ = {
			isa = PBXNativeTarget;
			buildConfigurationList = 05ADAA95228E81CA00CF38C2 /* Build configuration list for PBXNativeTarget "testapp" */;
			buildPhases = (
				460E021BD6FD346B1AAFCC5B /* [CP] Check Pods Manifest.lock */,
				05ADAA7F228E81C600CF38C2 /* Sources */,
				05ADAA80228E81C600CF38C2 /* Frameworks */,
				05ADAA81228E81C600CF38C2 /* Resources */,
				B6F8620CE6456AA2239074F5 /* [CP] Embed Pods Frameworks */,
			);
			buildRules = (
			);
			dependencies = (
			);
			name = testapp;
			productName = testapp;
			productReference = 05ADAA83228E81C600CF38C2 /* testapp.app */;
			productType = "com.apple.product-type.application";
		};
/* End PBXNativeTarget section */

/* Begin PBXProject section */
		05ADAA7B228E81C600CF38C2 /* Project object */ = {
			isa = PBXProject;
			attributes = {
				LastSwiftUpdateCheck = 1020;
				LastUpgradeCheck = 1020;
				ORGANIZATIONNAME = "Ryan Paglinawan";
				TargetAttributes = {
					05ADAA82228E81C600CF38C2 = {
						CreatedOnToolsVersion = 10.2.1;
					};
				};
			};
			buildConfigurationList = 05ADAA7E228E81C600CF38C2 /* Build configuration list for PBXProject "testapp" */;
			compatibilityVersion = "Xcode 9.3";
			developmentRegion = en;
			hasScannedForEncodings = 0;
			knownRegions = (
				en,
				Base,
			);
			mainGroup = 05ADAA7A228E81C600CF38C2;
			productRefGroup = 05ADAA84228E81C600CF38C2 /* Products */;
			projectDirPath = "";
			projectRoot = "";
			targets = (
				05ADAA82228E81C600CF38C2 /* testapp */,
			);
		};
/* End PBXProject section */

/* Begin PBXResourcesBuildPhase section */
		05ADAA81228E81C600CF38C2 /* Resources */ = {
			isa = PBXResourcesBuildPhase;
			buildActionMask = 2147483647;
			files = (
				05ADAA91228E81CA00CF38C2 /* LaunchScreen.storyboard in Resources */,
				05ADAA9D228EA07D00CF38C2 /* VimeoConfig.plist in Resources */,
				05ADAA8E228E81CA00CF38C2 /* Assets.xcassets in Resources */,
				05ADAA99228E82BC00CF38C2 /* Podfile in Resources */,
				05ADAA8C228E81C600CF38C2 /* Main.storyboard in Resources */,
			);
			runOnlyForDeploymentPostprocessing = 0;
		};
/* End PBXResourcesBuildPhase section */

/* Begin PBXShellScriptBuildPhase section */
		460E021BD6FD346B1AAFCC5B /* [CP] Check Pods Manifest.lock */ = {
			isa = PBXShellScriptBuildPhase;
			buildActionMask = 2147483647;
			files = (
			);
			inputFileListPaths = (
			);
			inputPaths = (
				"${PODS_PODFILE_DIR_PATH}/Podfile.lock",
				"${PODS_ROOT}/Manifest.lock",
			);
			name = "[CP] Check Pods Manifest.lock";
			outputFileListPaths = (
			);
			outputPaths = (
				"$(DERIVED_FILE_DIR)/Pods-testapp-checkManifestLockResult.txt",
			);
			runOnlyForDeploymentPostprocessing = 0;
			shellPath = /bin/sh;
			shellScript = "diff \"${PODS_PODFILE_DIR_PATH}/Podfile.lock\" \"${PODS_ROOT}/Manifest.lock\" > /dev/null\nif [ $? != 0 ] ; then\n    # print error to STDERR\n    echo \"error: The sandbox is not in sync with the Podfile.lock. Run 'pod install' or update your CocoaPods installation.\" >&2\n    exit 1\nfi\n# This output is used by Xcode 'outputs' to avoid re-running this script phase.\necho \"SUCCESS\" > \"${SCRIPT_OUTPUT_FILE_0}\"\n";
			showEnvVarsInLog = 0;
		};
		B6F8620CE6456AA2239074F5 /* [CP] Embed Pods Frameworks */ = {
			isa = PBXShellScriptBuildPhase;
			buildActionMask = 2147483647;
			files = (
			);
			inputFileListPaths = (
			);
			inputPaths = (
				"${PODS_ROOT}/Target Support Files/Pods-testapp/Pods-testapp-frameworks.sh",
				"${BUILT_PRODUCTS_DIR}/AFNetworking/AFNetworking.framework",
				"${BUILT_PRODUCTS_DIR}/Alamofire/Alamofire.framework",
				"${BUILT_PRODUCTS_DIR}/PlayerKit/PlayerKit.framework",
				"${BUILT_PRODUCTS_DIR}/VimeoNetworking/VimeoNetworking.framework",
			);
			name = "[CP] Embed Pods Frameworks";
			outputFileListPaths = (
			);
			outputPaths = (
				"${TARGET_BUILD_DIR}/${FRAMEWORKS_FOLDER_PATH}/AFNetworking.framework",
				"${TARGET_BUILD_DIR}/${FRAMEWORKS_FOLDER_PATH}/Alamofire.framework",
				"${TARGET_BUILD_DIR}/${FRAMEWORKS_FOLDER_PATH}/PlayerKit.framework",
				"${TARGET_BUILD_DIR}/${FRAMEWORKS_FOLDER_PATH}/VimeoNetworking.framework",
			);
			runOnlyForDeploymentPostprocessing = 0;
			shellPath = /bin/sh;
			shellScript = "\"${PODS_ROOT}/Target Support Files/Pods-testapp/Pods-testapp-frameworks.sh\"\n";
			showEnvVarsInLog = 0;
		};
/* End PBXShellScriptBuildPhase section */

/* Begin PBXSourcesBuildPhase section */
		05ADAA7F228E81C600CF38C2 /* Sources */ = {
			isa = PBXSourcesBuildPhase;
			buildActionMask = 2147483647;
			files = (
				05ADAA89228E81C600CF38C2 /* ViewController.swift in Sources */,
				05ADAA87228E81C600CF38C2 /* AppDelegate.swift in Sources */,
				05ADAA9B228E92BC00CF38C2 /* VimeoHandler.swift in Sources */,
			);
			runOnlyForDeploymentPostprocessing = 0;
		};
/* End PBXSourcesBuildPhase section */

/* Begin PBXVariantGroup section */
		05ADAA8A228E81C600CF38C2 /* Main.storyboard */ = {
			isa = PBXVariantGroup;
			children = (
				05ADAA8B228E81C600CF38C2 /* Base */,
			);
			name = Main.storyboard;
			sourceTree = "<group>";
		};
		05ADAA8F228E81CA00CF38C2 /* LaunchScreen.storyboard */ = {
			isa = PBXVariantGroup;
			children = (
				05ADAA90228E81CA00CF38C2 /* Base */,
			);
			name = LaunchScreen.storyboard;
			sourceTree = "<group>";
		};
/* End PBXVariantGroup section */

/* Begin XCBuildConfiguration section */
		05ADAA93228E81CA00CF38C2 /* Debug */ = {
			isa = XCBuildConfiguration;
			buildSettings = {
				ALWAYS_SEARCH_USER_PATHS = NO;
				CLANG_ANALYZER_NONNULL = YES;
				CLANG_ANALYZER_NUMBER_OBJECT_CONVERSION = YES_AGGRESSIVE;
				CLANG_CXX_LANGUAGE_STANDARD = "gnu++14";
				CLANG_CXX_LIBRARY = "libc++";
				CLANG_ENABLE_MODULES = YES;
				CLANG_ENABLE_OBJC_ARC = YES;
				CLANG_ENABLE_OBJC_WEAK = YES;
				CLANG_WARN_BLOCK_CAPTURE_AUTORELEASING = YES;
				CLANG_WARN_BOOL_CONVERSION = YES;
				CLANG_WARN_COMMA = YES;
				CLANG_WARN_CONSTANT_CONVERSION = YES;
				CLANG_WARN_DEPRECATED_OBJC_IMPLEMENTATIONS = YES;
				CLANG_WARN_DIRECT_OBJC_ISA_USAGE = YES_ERROR;
				CLANG_WARN_DOCUMENTATION_COMMENTS = YES;
				CLANG_WARN_EMPTY_BODY = YES;
				CLANG_WARN_ENUM_CONVERSION = YES;
				CLANG_WARN_INFINITE_RECURSION = YES;
				CLANG_WARN_INT_CONVERSION = YES;
				CLANG_WARN_NON_LITERAL_NULL_CONVERSION = YES;
				CLANG_WARN_OBJC_IMPLICIT_RETAIN_SELF = YES;
				CLANG_WARN_OBJC_LITERAL_CONVERSION = YES;
				CLANG_WARN_OBJC_ROOT_CLASS = YES_ERROR;
				CLANG_WARN_RANGE_LOOP_ANALYSIS = YES;
				CLANG_WARN_STRICT_PROTOTYPES = YES;
				CLANG_WARN_SUSPICIOUS_MOVE = YES;
				CLANG_WARN_UNGUARDED_AVAILABILITY = YES_AGGRESSIVE;
				CLANG_WARN_UNREACHABLE_CODE = YES;
				CLANG_WARN__DUPLICATE_METHOD_MATCH = YES;
				CODE_SIGN_IDENTITY = "iPhone Developer";
				COPY_PHASE_STRIP = NO;
				DEBUG_INFORMATION_FORMAT = dwarf;
				ENABLE_STRICT_OBJC_MSGSEND = YES;
				ENABLE_TESTABILITY = YES;
				GCC_C_LANGUAGE_STANDARD = gnu11;
				GCC_DYNAMIC_NO_PIC = NO;
				GCC_NO_COMMON_BLOCKS = YES;
				GCC_OPTIMIZATION_LEVEL = 0;
				GCC_PREPROCESSOR_DEFINITIONS = (
					"DEBUG=1",
					"$(inherited)",
				);
				GCC_WARN_64_TO_32_BIT_CONVERSION = YES;
				GCC_WARN_ABOUT_RETURN_TYPE = YES_ERROR;
				GCC_WARN_UNDECLARED_SELECTOR = YES;
				GCC_WARN_UNINITIALIZED_AUTOS = YES_AGGRESSIVE;
				GCC_WARN_UNUSED_FUNCTION = YES;
				GCC_WARN_UNUSED_VARIABLE = YES;
				IPHONEOS_DEPLOYMENT_TARGET = 12.2;
				MTL_ENABLE_DEBUG_INFO = INCLUDE_SOURCE;
				MTL_FAST_MATH = YES;
				ONLY_ACTIVE_ARCH = YES;
				SDKROOT = iphoneos;
				SWIFT_ACTIVE_COMPILATION_CONDITIONS = DEBUG;
				SWIFT_OPTIMIZATION_LEVEL = "-Onone";
			};
			name = Debug;
		};
		05ADAA94228E81CA00CF38C2 /* Release */ = {
			isa = XCBuildConfiguration;
			buildSettings = {
				ALWAYS_SEARCH_USER_PATHS = NO;
				CLANG_ANALYZER_NONNULL = YES;
				CLANG_ANALYZER_NUMBER_OBJECT_CONVERSION = YES_AGGRESSIVE;
				CLANG_CXX_LANGUAGE_STANDARD = "gnu++14";
				CLANG_CXX_LIBRARY = "libc++";
				CLANG_ENABLE_MODULES = YES;
				CLANG_ENABLE_OBJC_ARC = YES;
				CLANG_ENABLE_OBJC_WEAK = YES;
				CLANG_WARN_BLOCK_CAPTURE_AUTORELEASING = YES;
				CLANG_WARN_BOOL_CONVERSION = YES;
				CLANG_WARN_COMMA = YES;
				CLANG_WARN_CONSTANT_CONVERSION = YES;
				CLANG_WARN_DEPRECATED_OBJC_IMPLEMENTATIONS = YES;
				CLANG_WARN_DIRECT_OBJC_ISA_USAGE = YES_ERROR;
				CLANG_WARN_DOCUMENTATION_COMMENTS = YES;
				CLANG_WARN_EMPTY_BODY = YES;
				CLANG_WARN_ENUM_CONVERSION = YES;
				CLANG_WARN_INFINITE_RECURSION = YES;
				CLANG_WARN_INT_CONVERSION = YES;
				CLANG_WARN_NON_LITERAL_NULL_CONVERSION = YES;
				CLANG_WARN_OBJC_IMPLICIT_RETAIN_SELF = YES;
				CLANG_WARN_OBJC_LITERAL_CONVERSION = YES;
				CLANG_WARN_OBJC_ROOT_CLASS = YES_ERROR;
				CLANG_WARN_RANGE_LOOP_ANALYSIS = YES;
				CLANG_WARN_STRICT_PROTOTYPES = YES;
				CLANG_WARN_SUSPICIOUS_MOVE = YES;
				CLANG_WARN_UNGUARDED_AVAILABILITY = YES_AGGRESSIVE;
				CLANG_WARN_UNREACHABLE_CODE = YES;
				CLANG_WARN__DUPLICATE_METHOD_MATCH = YES;
				CODE_SIGN_IDENTITY = "iPhone Developer";
				COPY_PHASE_STRIP = NO;
				DEBUG_INFORMATION_FORMAT = "dwarf-with-dsym";
				ENABLE_NS_ASSERTIONS = NO;
				ENABLE_STRICT_OBJC_MSGSEND = YES;
				GCC_C_LANGUAGE_STANDARD = gnu11;
				GCC_NO_COMMON_BLOCKS = YES;
				GCC_WARN_64_TO_32_BIT_CONVERSION = YES;
				GCC_WARN_ABOUT_RETURN_TYPE = YES_ERROR;
				GCC_WARN_UNDECLARED_SELECTOR = YES;
				GCC_WARN_UNINITIALIZED_AUTOS = YES_AGGRESSIVE;
				GCC_WARN_UNUSED_FUNCTION = YES;
				GCC_WARN_UNUSED_VARIABLE = YES;
				IPHONEOS_DEPLOYMENT_TARGET = 12.2;
				MTL_ENABLE_DEBUG_INFO = NO;
				MTL_FAST_MATH = YES;
				SDKROOT = iphoneos;
				SWIFT_COMPILATION_MODE = wholemodule;
				SWIFT_OPTIMIZATION_LEVEL = "-O";
				VALIDATE_PRODUCT = YES;
			};
			name = Release;
		};
		05ADAA96228E81CA00CF38C2 /* Debug */ = {
			isa = XCBuildConfiguration;
			baseConfigurationReference = FD1F8292609D80D88D831256 /* Pods-testapp.debug.xcconfig */;
			buildSettings = {
				ASSETCATALOG_COMPILER_APPICON_NAME = AppIcon;
				CODE_SIGN_STYLE = Automatic;
				DEVELOPMENT_TEAM = J53H4T44Y4;
				INFOPLIST_FILE = testapp/Info.plist;
				LD_RUNPATH_SEARCH_PATHS = (
					"$(inherited)",
					"@executable_path/Frameworks",
				);
				PRODUCT_BUNDLE_IDENTIFIER = com.RyanPaglinawan.testapp;
				PRODUCT_NAME = "$(TARGET_NAME)";
				SWIFT_VERSION = 5.0;
				TARGETED_DEVICE_FAMILY = "1,2";
			};
			name = Debug;
		};
		05ADAA97228E81CA00CF38C2 /* Release */ = {
			isa = XCBuildConfiguration;
			baseConfigurationReference = 99DCEE3134C654D734D3F465 /* Pods-testapp.release.xcconfig */;
			buildSettings = {
				ASSETCATALOG_COMPILER_APPICON_NAME = AppIcon;
				CODE_SIGN_STYLE = Automatic;
				DEVELOPMENT_TEAM = J53H4T44Y4;
				INFOPLIST_FILE = testapp/Info.plist;
				LD_RUNPATH_SEARCH_PATHS = (
					"$(inherited)",
					"@executable_path/Frameworks",
				);
				PRODUCT_BUNDLE_IDENTIFIER = com.RyanPaglinawan.testapp;
				PRODUCT_NAME = "$(TARGET_NAME)";
				SWIFT_VERSION = 5.0;
				TARGETED_DEVICE_FAMILY = "1,2";
			};
			name = Release;
		};
/* End XCBuildConfiguration section */

/* Begin XCConfigurationList section */
		05ADAA7E228E81C600CF38C2 /* Build configuration list for PBXProject "testapp" */ = {
			isa = XCConfigurationList;
			buildConfigurations = (
				05ADAA93228E81CA00CF38C2 /* Debug */,
				05ADAA94228E81CA00CF38C2 /* Release */,
			);
			defaultConfigurationIsVisible = 0;
			defaultConfigurationName = Release;
		};
		05ADAA95228E81CA00CF38C2 /* Build configuration list for PBXNativeTarget "testapp" */ = {
			isa = XCConfigurationList;
			buildConfigurations = (
				05ADAA96228E81CA00CF38C2 /* Debug */,
				05ADAA97228E81CA00CF38C2 /* Release */,
			);
			defaultConfigurationIsVisible = 0;
			defaultConfigurationName = Release;
		};
/* End XCConfigurationList section */
	};
	rootObject = 05ADAA7B228E81C600CF38C2 /* Project object */;
}
